
Microsoft Visual Studio Solution File, Format Version 12.00
# Visual Studio Version 16
VisualStudioVersion = 16.0.28705.295
MinimumVisualStudioVersion = 10.0.40219.1
Project("{FAE04EC0-301F-11D3-BF4B-00C04F79EFBC}") = "pexeso", "pexeso\pexeso.csproj", "{D5EF69E3-F77C-45FB-B358-DEC0FC57E006}"
EndProject
Global
	GlobalSection(SolutionConfigurationPlatforms) = preSolution
		Debug|Any CPU = Debug|Any CPU
		Release|Any CPU = Release|Any CPU
	EndGlobalSection
	GlobalSection(ProjectConfigurationPlatforms) = postSolution
		{D5EF69E3-F77C-45FB-B358-DEC0FC57E006}.Debug|Any CPU.ActiveCfg = Debug|Any CPU
		{D5EF69E3-F77C-45FB-B358-DEC0FC57E006}.Debug|Any CPU.Build.0 = Debug|Any CPU
		{D5EF69E3-F77C-45FB-B358-DEC0FC57E006}.Release|Any CPU.ActiveCfg = Release|Any CPU
		{D5EF69E3-F77C-45FB-B358-DEC0FC57E006}.Release|Any CPU.Build.0 = Release|Any CPU
	EndGlobalSection
	GlobalSection(SolutionProperties) = preSolution
		HideSolutionNode = FALSE
	EndGlobalSection
	GlobalSection(ExtensibilityGlobals) = postSolution
		SolutionGuid = {8CA7A5F1-3E33-4B83-BC4C-CA07ECD804C8}
	EndGlobalSection
EndGlobal
